
Microsoft Visual Studio Solution File, Format Version 12.00
# Visual Studio Version 17
VisualStudioVersion = 17.14.36408.4
MinimumVisualStudioVersion = 10.0.40219.1
Project("{FAE04EC0-301F-11D3-BF4B-00C04F79EFBC}") = "ADL_Controles", "ADL_Controles.csproj", "{EA40C81C-E419-4A54-A135-7EE1F45B0E11}"
EndProject
Project("{FAE04EC0-301F-11D3-BF4B-00C04F79EFBC}") = "WindowsFormsApp1", "WindowsFormsApp1\WindowsFormsApp1.csproj", "{F25AAF63-BA30-4012-BC0A-6D612972EC6A}"
EndProject
Global
	GlobalSection(SolutionConfigurationPlatforms) = preSolution
		Debug|Any CPU = Debug|Any CPU
		Release|Any CPU = Release|Any CPU
	EndGlobalSection
	GlobalSection(ProjectConfigurationPlatforms) = postSolution
		{EA40C81C-E419-4A54-A135-7EE1F45B0E11}.Debug|Any CPU.ActiveCfg = Debug|Any CPU
		{EA40C81C-E419-4A54-A135-7EE1F45B0E11}.Debug|Any CPU.Build.0 = Debug|Any CPU
		{EA40C81C-E419-4A54-A135-7EE1F45B0E11}.Release|Any CPU.ActiveCfg = Release|Any CPU
		{EA40C81C-E419-4A54-A135-7EE1F45B0E11}.Release|Any CPU.Build.0 = Release|Any CPU
		{F25AAF63-BA30-4012-BC0A-6D612972EC6A}.Debug|Any CPU.ActiveCfg = Debug|Any CPU
		{F25AAF63-BA30-4012-BC0A-6D612972EC6A}.Debug|Any CPU.Build.0 = Debug|Any CPU
		{F25AAF63-BA30-4012-BC0A-6D612972EC6A}.Release|Any CPU.ActiveCfg = Release|Any CPU
		{F25AAF63-BA30-4012-BC0A-6D612972EC6A}.Release|Any CPU.Build.0 = Release|Any CPU
	EndGlobalSection
	GlobalSection(SolutionProperties) = preSolution
		HideSolutionNode = FALSE
	EndGlobalSection
	GlobalSection(ExtensibilityGlobals) = postSolution
		SolutionGuid = {2E89C892-7187-47FF-9405-C05833801379}
	EndGlobalSection
EndGlobal
